// !$*UTF8*$!
{
	archiveVersion = 1;
	classes = {
	};
	objectVersion = 46;
	objects = {

/* Begin PBXBuildFile section */
		76300D561B1900CE005AB161 /* Base.lproj in Resources */ = {isa = PBXBuildFile; fileRef = 76300D451B1900CE005AB161 /* Base.lproj */; };
		76300D571B1900CE005AB161 /* climate_settings_opt1_off.png in Resources */ = {isa = PBXBuildFile; fileRef = 76300D461B1900CE005AB161 /* climate_settings_opt1_off.png */; };
		76300D581B1900CE005AB161 /* climate_settings_opt2_off.png in Resources */ = {isa = PBXBuildFile; fileRef = 76300D471B1900CE005AB161 /* climate_settings_opt2_off.png */; };
		76300D591B1900CE005AB161 /* climate_settings_opt3_off.png in Resources */ = {isa = PBXBuildFile; fileRef = 76300D481B1900CE005AB161 /* climate_settings_opt3_off.png */; };
		76300D5A1B1900CE005AB161 /* CvsCheckOutView.m in Sources */ = {isa = PBXBuildFile; fileRef = 76300D4B1B1900CE005AB161 /* CvsCheckOutView.m */; };
		76300D5B1B1900CE005AB161 /* DialView.m in Sources */ = {isa = PBXBuildFile; fileRef = 76300D4D1B1900CE005AB161 /* DialView.m */; };
		76300D5C1B1900CE005AB161 /* images in Resources */ = {isa = PBXBuildFile; fileRef = 76300D4E1B1900CE005AB161 /* images */; };
		76300D5D1B1900CE005AB161 /* Images.xcassets in Resources */ = {isa = PBXBuildFile; fileRef = 76300D4F1B1900CE005AB161 /* Images.xcassets */; };
		76300D5E1B1900CE005AB161 /* Music in Resources */ = {isa = PBXBuildFile; fileRef = 76300D501B1900CE005AB161 /* Music */; };
		76300D5F1B1900CE005AB161 /* StateButton.m in Sources */ = {isa = PBXBuildFile; fileRef = 76300D521B1900CE005AB161 /* StateButton.m */; };
		76300D601B1900CE005AB161 /* Tabs in Resources */ = {isa = PBXBuildFile; fileRef = 76300D531B1900CE005AB161 /* Tabs */; };
		76300D611B1900CE005AB161 /* TopUI.m in Sources */ = {isa = PBXBuildFile; fileRef = 76300D551B1900CE005AB161 /* TopUI.m */; };
		7630489F1AD887E6005E2428 /* play.png in Resources */ = {isa = PBXBuildFile; fileRef = 7630489E1AD887E6005E2428 /* play.png */; };
		763048A21AD88A7A005E2428 /* ff.png in Resources */ = {isa = PBXBuildFile; fileRef = 763048A01AD88A7A005E2428 /* ff.png */; };
		763048A31AD88A7A005E2428 /* rwd.png in Resources */ = {isa = PBXBuildFile; fileRef = 763048A11AD88A7A005E2428 /* rwd.png */; };
		763048A51AD88D54005E2428 /* snow.png in Resources */ = {isa = PBXBuildFile; fileRef = 763048A41AD88D54005E2428 /* snow.png */; };
		763048A71AD89A0F005E2428 /* taylorswift.jpg in Resources */ = {isa = PBXBuildFile; fileRef = 763048A61AD89A0F005E2428 /* taylorswift.jpg */; };
		76825CDF1AD8841D00781332 /* img in Resources */ = {isa = PBXBuildFile; fileRef = 76825CDE1AD8841D00781332 /* img */; };
		76C277771AD7255800087350 /* MapKit.framework in Frameworks */ = {isa = PBXBuildFile; fileRef = 76C277761AD7255800087350 /* MapKit.framework */; };
		76D0A8881AD85604004ACDC5 /* MapKit.framework in Frameworks */ = {isa = PBXBuildFile; fileRef = 76D0A8871AD85604004ACDC5 /* MapKit.framework */; };
		76D0A88A1AD856B9004ACDC5 /* AVFoundation.framework in Frameworks */ = {isa = PBXBuildFile; fileRef = 76D0A8891AD856B9004ACDC5 /* AVFoundation.framework */; };
		76D0A88C1AD856D4004ACDC5 /* AVKit.framework in Frameworks */ = {isa = PBXBuildFile; fileRef = 76D0A88B1AD856D4004ACDC5 /* AVKit.framework */; };
		8303771B1ACA6D5800B8C327 /* main.m in Sources */ = {isa = PBXBuildFile; fileRef = 8303771A1ACA6D5800B8C327 /* main.m */; };
		8303771E1ACA6D5800B8C327 /* AppDelegate.m in Sources */ = {isa = PBXBuildFile; fileRef = 8303771D1ACA6D5800B8C327 /* AppDelegate.m */; };
		830377271ACA6D5800B8C327 /* Main.storyboard in Resources */ = {isa = PBXBuildFile; fileRef = 830377251ACA6D5800B8C327 /* Main.storyboard */; };
		830377291ACA6D5800B8C327 /* Images.xcassets in Resources */ = {isa = PBXBuildFile; fileRef = 830377281ACA6D5800B8C327 /* Images.xcassets */; };
		8303772C1ACA6D5800B8C327 /* LaunchScreen.xib in Resources */ = {isa = PBXBuildFile; fileRef = 8303772A1ACA6D5800B8C327 /* LaunchScreen.xib */; };
		830377381ACA6D5900B8C327 /* IPG_ios_ui_usbTests.m in Sources */ = {isa = PBXBuildFile; fileRef = 830377371ACA6D5900B8C327 /* IPG_ios_ui_usbTests.m */; };
		830377491ACA716B00B8C327 /* PTChannel.m in Sources */ = {isa = PBXBuildFile; fileRef = 830377431ACA716B00B8C327 /* PTChannel.m */; };
		8303774A1ACA716B00B8C327 /* PTProtocol.m in Sources */ = {isa = PBXBuildFile; fileRef = 830377461ACA716B00B8C327 /* PTProtocol.m */; };
		8303774B1ACA716B00B8C327 /* PTUSBHub.m in Sources */ = {isa = PBXBuildFile; fileRef = 830377481ACA716B00B8C327 /* PTUSBHub.m */; };
		8303774E1ACA799500B8C327 /* libpeertalk.a in Frameworks */ = {isa = PBXBuildFile; fileRef = 8303774D1ACA799500B8C327 /* libpeertalk.a */; };
		830377621ACA79D600B8C327 /* libpeertalk.a in Frameworks */ = {isa = PBXBuildFile; fileRef = 8303774D1ACA799500B8C327 /* libpeertalk.a */; };
		830377661ACA7B3900B8C327 /* IpadViewController.m in Sources */ = {isa = PBXBuildFile; fileRef = 830377641ACA7B3900B8C327 /* IpadViewController.m */; };
		830377691ACA7B9800B8C327 /* Foundation.framework in Frameworks */ = {isa = PBXBuildFile; fileRef = 830377681ACA7B9800B8C327 /* Foundation.framework */; };
		8303776C1ACA7BEB00B8C327 /* UIKit.framework in Frameworks */ = {isa = PBXBuildFile; fileRef = 8303776B1ACA7BEB00B8C327 /* UIKit.framework */; };
		8303776E1ACA809F00B8C327 /* PTChannel.m in Sources */ = {isa = PBXBuildFile; fileRef = 830377431ACA716B00B8C327 /* PTChannel.m */; };
		830377711ACA811000B8C327 /* CoreGraphics.framework in Frameworks */ = {isa = PBXBuildFile; fileRef = 830377701ACA811000B8C327 /* CoreGraphics.framework */; };
		830377721ACA834F00B8C327 /* PTProtocol.m in Sources */ = {isa = PBXBuildFile; fileRef = 830377461ACA716B00B8C327 /* PTProtocol.m */; };
		83C8E27A1ACC936700210E32 /* MacWindow.m in Sources */ = {isa = PBXBuildFile; fileRef = 83C8E2791ACC936700210E32 /* MacWindow.m */; };
		83DFEC0A1ACA68CA00C9B756 /* AppDelegate.m in Sources */ = {isa = PBXBuildFile; fileRef = 83DFEC091ACA68CA00C9B756 /* AppDelegate.m */; };
		83DFEC0C1ACA68CA00C9B756 /* main.m in Sources */ = {isa = PBXBuildFile; fileRef = 83DFEC0B1ACA68CA00C9B756 /* main.m */; };
		83DFEC0E1ACA68CA00C9B756 /* Images.xcassets in Resources */ = {isa = PBXBuildFile; fileRef = 83DFEC0D1ACA68CA00C9B756 /* Images.xcassets */; };
		83DFEC111ACA68CA00C9B756 /* MainMenu.xib in Resources */ = {isa = PBXBuildFile; fileRef = 83DFEC0F1ACA68CA00C9B756 /* MainMenu.xib */; };
		83DFEC1D1ACA68CB00C9B756 /* IPG_osx_iosTests.m in Sources */ = {isa = PBXBuildFile; fileRef = 83DFEC1C1ACA68CB00C9B756 /* IPG_osx_iosTests.m */; };
		83DFEC301ACA691600C9B756 /* AppDelegate.m in Sources */ = {isa = PBXBuildFile; fileRef = 83DFEC2F1ACA691600C9B756 /* AppDelegate.m */; };
		83DFEC321ACA691600C9B756 /* main.m in Sources */ = {isa = PBXBuildFile; fileRef = 83DFEC311ACA691600C9B756 /* main.m */; };
		83DFEC371ACA691600C9B756 /* Images.xcassets in Resources */ = {isa = PBXBuildFile; fileRef = 83DFEC361ACA691600C9B756 /* Images.xcassets */; };
		83DFEC3A1ACA691600C9B756 /* Main.storyboard in Resources */ = {isa = PBXBuildFile; fileRef = 83DFEC381ACA691600C9B756 /* Main.storyboard */; };
		83DFEC461ACA691600C9B756 /* IPG_osx_video_usbTests.m in Sources */ = {isa = PBXBuildFile; fileRef = 83DFEC451ACA691600C9B756 /* IPG_osx_video_usbTests.m */; };
		83DFEC541ACA69C700C9B756 /* MacViewController.m in Sources */ = {isa = PBXBuildFile; fileRef = 83DFEC4E1ACA69C700C9B756 /* MacViewController.m */; };
		83DFEC5A1ACA6AFA00C9B756 /* AVFoundation.framework in Frameworks */ = {isa = PBXBuildFile; fileRef = 83DFEC591ACA6AFA00C9B756 /* AVFoundation.framework */; };
		83DFEC5C1ACA6AFF00C9B756 /* QuartzCore.framework in Frameworks */ = {isa = PBXBuildFile; fileRef = 83DFEC5B1ACA6AFF00C9B756 /* QuartzCore.framework */; };
		83DFEC5E1ACA6B0400C9B756 /* Cocoa.framework in Frameworks */ = {isa = PBXBuildFile; fileRef = 83DFEC5D1ACA6B0400C9B756 /* Cocoa.framework */; };
		83DFEC601ACA6B1900C9B756 /* CoreMedia.framework in Frameworks */ = {isa = PBXBuildFile; fileRef = 83DFEC5F1ACA6B1900C9B756 /* CoreMedia.framework */; };
/* End PBXBuildFile section */

/* Begin PBXContainerItemProxy section */
		830377321ACA6D5800B8C327 /* PBXContainerItemProxy */ = {
			isa = PBXContainerItemProxy;
			containerPortal = 83DFEBFB1ACA68CA00C9B756 /* Project object */;
			proxyType = 1;
			remoteGlobalIDString = 830377151ACA6D5800B8C327;
			remoteInfo = IPG_ios_ui_usb;
		};
		83DFEC171ACA68CB00C9B756 /* PBXContainerItemProxy */ = {
			isa = PBXContainerItemProxy;
			containerPortal = 83DFEBFB1ACA68CA00C9B756 /* Project object */;
			proxyType = 1;
			remoteGlobalIDString = 83DFEC021ACA68CA00C9B756;
			remoteInfo = IPG_osx_ios;
		};
		83DFEC401ACA691600C9B756 /* PBXContainerItemProxy */ = {
			isa = PBXContainerItemProxy;
			containerPortal = 83DFEBFB1ACA68CA00C9B756 /* Project object */;
			proxyType = 1;
			remoteGlobalIDString = 83DFEC291ACA691600C9B756;
			remoteInfo = IPG_osx_video_usb;
		};
/* End PBXContainerItemProxy section */

/* Begin PBXFileReference section */
		76300D451B1900CE005AB161 /* Base.lproj */ = {isa = PBXFileReference; lastKnownFileType = folder; path = Base.lproj; sourceTree = "<group>"; };
		76300D461B1900CE005AB161 /* climate_settings_opt1_off.png */ = {isa = PBXFileReference; lastKnownFileType = image.png; path = climate_settings_opt1_off.png; sourceTree = "<group>"; };
		76300D471B1900CE005AB161 /* climate_settings_opt2_off.png */ = {isa = PBXFileReference; lastKnownFileType = image.png; path = climate_settings_opt2_off.png; sourceTree = "<group>"; };
		76300D481B1900CE005AB161 /* climate_settings_opt3_off.png */ = {isa = PBXFileReference; lastKnownFileType = image.png; path = climate_settings_opt3_off.png; sourceTree = "<group>"; };
		76300D491B1900CE005AB161 /* config.h */ = {isa = PBXFileReference; fileEncoding = 4; lastKnownFileType = sourcecode.c.h; path = config.h; sourceTree = "<group>"; };
		76300D4A1B1900CE005AB161 /* CvsCheckOutView.h */ = {isa = PBXFileReference; fileEncoding = 4; lastKnownFileType = sourcecode.c.h; path = CvsCheckOutView.h; sourceTree = "<group>"; };
		76300D4B1B1900CE005AB161 /* CvsCheckOutView.m */ = {isa = PBXFileReference; fileEncoding = 4; lastKnownFileType = sourcecode.c.objc; path = CvsCheckOutView.m; sourceTree = "<group>"; };
		76300D4C1B1900CE005AB161 /* DialView.h */ = {isa = PBXFileReference; fileEncoding = 4; lastKnownFileType = sourcecode.c.h; path = DialView.h; sourceTree = "<group>"; };
		76300D4D1B1900CE005AB161 /* DialView.m */ = {isa = PBXFileReference; fileEncoding = 4; lastKnownFileType = sourcecode.c.objc; path = DialView.m; sourceTree = "<group>"; };
		76300D4E1B1900CE005AB161 /* images */ = {isa = PBXFileReference; lastKnownFileType = folder; path = images; sourceTree = "<group>"; };
		76300D4F1B1900CE005AB161 /* Images.xcassets */ = {isa = PBXFileReference; lastKnownFileType = folder.assetcatalog; path = Images.xcassets; sourceTree = "<group>"; };
		76300D501B1900CE005AB161 /* Music */ = {isa = PBXFileReference; lastKnownFileType = folder; path = Music; sourceTree = "<group>"; };
		76300D511B1900CE005AB161 /* StateButton.h */ = {isa = PBXFileReference; fileEncoding = 4; lastKnownFileType = sourcecode.c.h; path = StateButton.h; sourceTree = "<group>"; };
		76300D521B1900CE005AB161 /* StateButton.m */ = {isa = PBXFileReference; fileEncoding = 4; lastKnownFileType = sourcecode.c.objc; path = StateButton.m; sourceTree = "<group>"; };
		76300D531B1900CE005AB161 /* Tabs */ = {isa = PBXFileReference; lastKnownFileType = folder; path = Tabs; sourceTree = "<group>"; };
		76300D541B1900CE005AB161 /* TopUI.h */ = {isa = PBXFileReference; fileEncoding = 4; lastKnownFileType = sourcecode.c.h; path = TopUI.h; sourceTree = "<group>"; };
		76300D551B1900CE005AB161 /* TopUI.m */ = {isa = PBXFileReference; fileEncoding = 4; lastKnownFileType = sourcecode.c.objc; path = TopUI.m; sourceTree = "<group>"; };
		7630489E1AD887E6005E2428 /* play.png */ = {isa = PBXFileReference; lastKnownFileType = image.png; name = play.png; path = img/play.png; sourceTree = "<group>"; };
		763048A01AD88A7A005E2428 /* ff.png */ = {isa = PBXFileReference; lastKnownFileType = image.png; name = ff.png; path = ../ff.png; sourceTree = "<group>"; };
		763048A11AD88A7A005E2428 /* rwd.png */ = {isa = PBXFileReference; lastKnownFileType = image.png; name = rwd.png; path = ../rwd.png; sourceTree = "<group>"; };
		763048A41AD88D54005E2428 /* snow.png */ = {isa = PBXFileReference; lastKnownFileType = image.png; name = snow.png; path = ../../Downloads/snow.png; sourceTree = "<group>"; };
		763048A61AD89A0F005E2428 /* taylorswift.jpg */ = {isa = PBXFileReference; lastKnownFileType = image.jpeg; name = taylorswift.jpg; path = ../taylorswift.jpg; sourceTree = "<group>"; };
		76825CDE1AD8841D00781332 /* img */ = {isa = PBXFileReference; lastKnownFileType = folder; path = img; sourceTree = "<group>"; };
		76C277761AD7255800087350 /* MapKit.framework */ = {isa = PBXFileReference; lastKnownFileType = wrapper.framework; name = MapKit.framework; path = ../../Downloads/MapKit.framework; sourceTree = "<group>"; };
		76D0A8871AD85604004ACDC5 /* MapKit.framework */ = {isa = PBXFileReference; lastKnownFileType = wrapper.framework; name = MapKit.framework; path = Platforms/iPhoneOS.platform/Developer/SDKs/iPhoneOS8.2.sdk/System/Library/Frameworks/MapKit.framework; sourceTree = DEVELOPER_DIR; };
		76D0A8891AD856B9004ACDC5 /* AVFoundation.framework */ = {isa = PBXFileReference; lastKnownFileType = wrapper.framework; name = AVFoundation.framework; path = Platforms/iPhoneOS.platform/Developer/SDKs/iPhoneOS8.2.sdk/System/Library/Frameworks/AVFoundation.framework; sourceTree = DEVELOPER_DIR; };
		76D0A88B1AD856D4004ACDC5 /* AVKit.framework */ = {isa = PBXFileReference; lastKnownFileType = wrapper.framework; name = AVKit.framework; path = Platforms/iPhoneOS.platform/Developer/SDKs/iPhoneOS8.2.sdk/System/Library/Frameworks/AVKit.framework; sourceTree = DEVELOPER_DIR; };
		830377161ACA6D5800B8C327 /* IPG_ios_ui_usb.app */ = {isa = PBXFileReference; explicitFileType = wrapper.application; includeInIndex = 0; path = IPG_ios_ui_usb.app; sourceTree = BUILT_PRODUCTS_DIR; };
		830377191ACA6D5800B8C327 /* Info.plist */ = {isa = PBXFileReference; lastKnownFileType = text.plist.xml; path = Info.plist; sourceTree = "<group>"; };
		8303771A1ACA6D5800B8C327 /* main.m */ = {isa = PBXFileReference; lastKnownFileType = sourcecode.c.objc; path = main.m; sourceTree = "<group>"; };
		8303771C1ACA6D5800B8C327 /* AppDelegate.h */ = {isa = PBXFileReference; lastKnownFileType = sourcecode.c.h; path = AppDelegate.h; sourceTree = "<group>"; };
		8303771D1ACA6D5800B8C327 /* AppDelegate.m */ = {isa = PBXFileReference; lastKnownFileType = sourcecode.c.objc; path = AppDelegate.m; sourceTree = "<group>"; };
		830377261ACA6D5800B8C327 /* Base */ = {isa = PBXFileReference; lastKnownFileType = file.storyboard; name = Base; path = Base.lproj/Main.storyboard; sourceTree = "<group>"; };
		830377281ACA6D5800B8C327 /* Images.xcassets */ = {isa = PBXFileReference; lastKnownFileType = folder.assetcatalog; path = Images.xcassets; sourceTree = "<group>"; };
		8303772B1ACA6D5800B8C327 /* Base */ = {isa = PBXFileReference; lastKnownFileType = file.xib; name = Base; path = Base.lproj/LaunchScreen.xib; sourceTree = "<group>"; };
		830377311ACA6D5800B8C327 /* IPG_ios_ui_usbTests.xctest */ = {isa = PBXFileReference; explicitFileType = wrapper.cfbundle; includeInIndex = 0; path = IPG_ios_ui_usbTests.xctest; sourceTree = BUILT_PRODUCTS_DIR; };
		830377361ACA6D5800B8C327 /* Info.plist */ = {isa = PBXFileReference; lastKnownFileType = text.plist.xml; path = Info.plist; sourceTree = "<group>"; };
		830377371ACA6D5900B8C327 /* IPG_ios_ui_usbTests.m */ = {isa = PBXFileReference; lastKnownFileType = sourcecode.c.objc; path = IPG_ios_ui_usbTests.m; sourceTree = "<group>"; };
		830377411ACA716B00B8C327 /* prefix.pch */ = {isa = PBXFileReference; fileEncoding = 4; lastKnownFileType = sourcecode.c.h; path = prefix.pch; sourceTree = "<group>"; };
		830377421ACA716B00B8C327 /* PTChannel.h */ = {isa = PBXFileReference; fileEncoding = 4; lastKnownFileType = sourcecode.c.h; path = PTChannel.h; sourceTree = "<group>"; };
		830377431ACA716B00B8C327 /* PTChannel.m */ = {isa = PBXFileReference; fileEncoding = 4; lastKnownFileType = sourcecode.c.objc; path = PTChannel.m; sourceTree = "<group>"; };
		830377441ACA716B00B8C327 /* PTPrivate.h */ = {isa = PBXFileReference; fileEncoding = 4; lastKnownFileType = sourcecode.c.h; path = PTPrivate.h; sourceTree = "<group>"; };
		830377451ACA716B00B8C327 /* PTProtocol.h */ = {isa = PBXFileReference; fileEncoding = 4; lastKnownFileType = sourcecode.c.h; path = PTProtocol.h; sourceTree = "<group>"; };
		830377461ACA716B00B8C327 /* PTProtocol.m */ = {isa = PBXFileReference; fileEncoding = 4; lastKnownFileType = sourcecode.c.objc; path = PTProtocol.m; sourceTree = "<group>"; };
		830377471ACA716B00B8C327 /* PTUSBHub.h */ = {isa = PBXFileReference; fileEncoding = 4; lastKnownFileType = sourcecode.c.h; path = PTUSBHub.h; sourceTree = "<group>"; };
		830377481ACA716B00B8C327 /* PTUSBHub.m */ = {isa = PBXFileReference; fileEncoding = 4; lastKnownFileType = sourcecode.c.objc; path = PTUSBHub.m; sourceTree = "<group>"; };
		8303774C1ACA746D00B8C327 /* IPGProcotol.h */ = {isa = PBXFileReference; lastKnownFileType = sourcecode.c.h; name = IPGProcotol.h; path = ../IPG_osx_video_usb/IPGProcotol.h; sourceTree = "<group>"; };
		8303774D1ACA799500B8C327 /* libpeertalk.a */ = {isa = PBXFileReference; lastKnownFileType = archive.ar; path = libpeertalk.a; sourceTree = "<group>"; };
		830377501ACA79C100B8C327 /* libpeertalk.a */ = {isa = PBXFileReference; lastKnownFileType = archive.ar; path = libpeertalk.a; sourceTree = "<group>"; };
		830377511ACA79C100B8C327 /* prefix.pch */ = {isa = PBXFileReference; lastKnownFileType = sourcecode.c.h; path = prefix.pch; sourceTree = "<group>"; };
		830377521ACA79C100B8C327 /* PTChannel.h */ = {isa = PBXFileReference; lastKnownFileType = sourcecode.c.h; path = PTChannel.h; sourceTree = "<group>"; };
		830377531ACA79C100B8C327 /* PTChannel.m */ = {isa = PBXFileReference; lastKnownFileType = sourcecode.c.objc; path = PTChannel.m; sourceTree = "<group>"; };
		830377541ACA79C100B8C327 /* PTPrivate.h */ = {isa = PBXFileReference; lastKnownFileType = sourcecode.c.h; path = PTPrivate.h; sourceTree = "<group>"; };
		830377551ACA79C100B8C327 /* PTProtocol.h */ = {isa = PBXFileReference; lastKnownFileType = sourcecode.c.h; path = PTProtocol.h; sourceTree = "<group>"; };
		830377561ACA79C100B8C327 /* PTProtocol.m */ = {isa = PBXFileReference; lastKnownFileType = sourcecode.c.objc; path = PTProtocol.m; sourceTree = "<group>"; };
		830377571ACA79C100B8C327 /* PTUSBHub.h */ = {isa = PBXFileReference; lastKnownFileType = sourcecode.c.h; path = PTUSBHub.h; sourceTree = "<group>"; };
		830377581ACA79C100B8C327 /* PTUSBHub.m */ = {isa = PBXFileReference; lastKnownFileType = sourcecode.c.objc; path = PTUSBHub.m; sourceTree = "<group>"; };
		8303775C1ACA79CC00B8C327 /* Breakpoints_v2.xcbkptlist */ = {isa = PBXFileReference; lastKnownFileType = text.xml; path = Breakpoints_v2.xcbkptlist; sourceTree = "<group>"; };
		8303775E1ACA79CC00B8C327 /* IPG_ios_ui_usb.xcscheme */ = {isa = PBXFileReference; lastKnownFileType = text.xml; path = IPG_ios_ui_usb.xcscheme; sourceTree = "<group>"; };
		8303775F1ACA79CC00B8C327 /* IPG_osx_ios.xcscheme */ = {isa = PBXFileReference; lastKnownFileType = text.xml; path = IPG_osx_ios.xcscheme; sourceTree = "<group>"; };
		830377601ACA79CC00B8C327 /* IPG_osx_video_usb.xcscheme */ = {isa = PBXFileReference; lastKnownFileType = text.xml; path = IPG_osx_video_usb.xcscheme; sourceTree = "<group>"; };
		830377611ACA79CC00B8C327 /* xcschememanagement.plist */ = {isa = PBXFileReference; lastKnownFileType = text.plist.xml; path = xcschememanagement.plist; sourceTree = "<group>"; };
		830377631ACA7B3900B8C327 /* IpadViewController.h */ = {isa = PBXFileReference; fileEncoding = 4; lastKnownFileType = sourcecode.c.h; path = IpadViewController.h; sourceTree = "<group>"; };
		830377641ACA7B3900B8C327 /* IpadViewController.m */ = {isa = PBXFileReference; fileEncoding = 4; lastKnownFileType = sourcecode.c.objc; path = IpadViewController.m; sourceTree = "<group>"; };
		830377681ACA7B9800B8C327 /* Foundation.framework */ = {isa = PBXFileReference; lastKnownFileType = wrapper.framework; name = Foundation.framework; path = Platforms/iPhoneOS.platform/Developer/SDKs/iPhoneOS8.2.sdk/System/Library/Frameworks/Foundation.framework; sourceTree = DEVELOPER_DIR; };
		8303776B1ACA7BEB00B8C327 /* UIKit.framework */ = {isa = PBXFileReference; lastKnownFileType = wrapper.framework; name = UIKit.framework; path = Platforms/iPhoneOS.platform/Developer/SDKs/iPhoneOS8.2.sdk/System/Library/Frameworks/UIKit.framework; sourceTree = DEVELOPER_DIR; };
		830377701ACA811000B8C327 /* CoreGraphics.framework */ = {isa = PBXFileReference; lastKnownFileType = wrapper.framework; name = CoreGraphics.framework; path = Platforms/iPhoneOS.platform/Developer/SDKs/iPhoneOS8.2.sdk/System/Library/Frameworks/CoreGraphics.framework; sourceTree = DEVELOPER_DIR; };
		830377731ACA849F00B8C327 /* PrefixHeader.pch */ = {isa = PBXFileReference; lastKnownFileType = sourcecode.c.h; name = PrefixHeader.pch; path = IPG_ios_ui_usb/PrefixHeader.pch; sourceTree = SOURCE_ROOT; };
		83C8E2781ACC936700210E32 /* MacWindow.h */ = {isa = PBXFileReference; fileEncoding = 4; lastKnownFileType = sourcecode.c.h; path = MacWindow.h; sourceTree = "<group>"; };
		83C8E2791ACC936700210E32 /* MacWindow.m */ = {isa = PBXFileReference; fileEncoding = 4; lastKnownFileType = sourcecode.c.objc; path = MacWindow.m; sourceTree = "<group>"; };
		83DFEC031ACA68CA00C9B756 /* IPG_osx_ios.app */ = {isa = PBXFileReference; explicitFileType = wrapper.application; includeInIndex = 0; path = IPG_osx_ios.app; sourceTree = BUILT_PRODUCTS_DIR; };
		83DFEC071ACA68CA00C9B756 /* Info.plist */ = {isa = PBXFileReference; lastKnownFileType = text.plist.xml; path = Info.plist; sourceTree = "<group>"; };
		83DFEC081ACA68CA00C9B756 /* AppDelegate.h */ = {isa = PBXFileReference; lastKnownFileType = sourcecode.c.h; path = AppDelegate.h; sourceTree = "<group>"; };
		83DFEC091ACA68CA00C9B756 /* AppDelegate.m */ = {isa = PBXFileReference; lastKnownFileType = sourcecode.c.objc; path = AppDelegate.m; sourceTree = "<group>"; };
		83DFEC0B1ACA68CA00C9B756 /* main.m */ = {isa = PBXFileReference; lastKnownFileType = sourcecode.c.objc; path = main.m; sourceTree = "<group>"; };
		83DFEC0D1ACA68CA00C9B756 /* Images.xcassets */ = {isa = PBXFileReference; lastKnownFileType = folder.assetcatalog; path = Images.xcassets; sourceTree = "<group>"; };
		83DFEC101ACA68CA00C9B756 /* Base */ = {isa = PBXFileReference; lastKnownFileType = file.xib; name = Base; path = Base.lproj/MainMenu.xib; sourceTree = "<group>"; };
		83DFEC161ACA68CB00C9B756 /* IPG_osx_iosTests.xctest */ = {isa = PBXFileReference; explicitFileType = wrapper.cfbundle; includeInIndex = 0; path = IPG_osx_iosTests.xctest; sourceTree = BUILT_PRODUCTS_DIR; };
		83DFEC1B1ACA68CB00C9B756 /* Info.plist */ = {isa = PBXFileReference; lastKnownFileType = text.plist.xml; path = Info.plist; sourceTree = "<group>"; };
		83DFEC1C1ACA68CB00C9B756 /* IPG_osx_iosTests.m */ = {isa = PBXFileReference; lastKnownFileType = sourcecode.c.objc; path = IPG_osx_iosTests.m; sourceTree = "<group>"; };
		83DFEC2A1ACA691600C9B756 /* IPG_osx_video_usb.app */ = {isa = PBXFileReference; explicitFileType = wrapper.application; includeInIndex = 0; path = IPG_osx_video_usb.app; sourceTree = BUILT_PRODUCTS_DIR; };
		83DFEC2D1ACA691600C9B756 /* Info.plist */ = {isa = PBXFileReference; lastKnownFileType = text.plist.xml; path = Info.plist; sourceTree = "<group>"; };
		83DFEC2E1ACA691600C9B756 /* AppDelegate.h */ = {isa = PBXFileReference; lastKnownFileType = sourcecode.c.h; path = AppDelegate.h; sourceTree = "<group>"; };
		83DFEC2F1ACA691600C9B756 /* AppDelegate.m */ = {isa = PBXFileReference; lastKnownFileType = sourcecode.c.objc; path = AppDelegate.m; sourceTree = "<group>"; };
		83DFEC311ACA691600C9B756 /* main.m */ = {isa = PBXFileReference; lastKnownFileType = sourcecode.c.objc; path = main.m; sourceTree = "<group>"; };
		83DFEC361ACA691600C9B756 /* Images.xcassets */ = {isa = PBXFileReference; lastKnownFileType = folder.assetcatalog; path = Images.xcassets; sourceTree = "<group>"; };
		83DFEC391ACA691600C9B756 /* Base */ = {isa = PBXFileReference; lastKnownFileType = file.storyboard; name = Base; path = Base.lproj/Main.storyboard; sourceTree = "<group>"; };
		83DFEC3F1ACA691600C9B756 /* IPG_osx_video_usbTests.xctest */ = {isa = PBXFileReference; explicitFileType = wrapper.cfbundle; includeInIndex = 0; path = IPG_osx_video_usbTests.xctest; sourceTree = BUILT_PRODUCTS_DIR; };
		83DFEC441ACA691600C9B756 /* Info.plist */ = {isa = PBXFileReference; lastKnownFileType = text.plist.xml; path = Info.plist; sourceTree = "<group>"; };
		83DFEC451ACA691600C9B756 /* IPG_osx_video_usbTests.m */ = {isa = PBXFileReference; lastKnownFileType = sourcecode.c.objc; path = IPG_osx_video_usbTests.m; sourceTree = "<group>"; };
		83DFEC4D1ACA69C700C9B756 /* MacViewController.h */ = {isa = PBXFileReference; fileEncoding = 4; lastKnownFileType = sourcecode.c.h; path = MacViewController.h; sourceTree = "<group>"; };
		83DFEC4E1ACA69C700C9B756 /* MacViewController.m */ = {isa = PBXFileReference; fileEncoding = 4; lastKnownFileType = sourcecode.c.objc; path = MacViewController.m; sourceTree = "<group>"; };
		83DFEC591ACA6AFA00C9B756 /* AVFoundation.framework */ = {isa = PBXFileReference; lastKnownFileType = wrapper.framework; name = AVFoundation.framework; path = System/Library/Frameworks/AVFoundation.framework; sourceTree = SDKROOT; };
		83DFEC5B1ACA6AFF00C9B756 /* QuartzCore.framework */ = {isa = PBXFileReference; lastKnownFileType = wrapper.framework; name = QuartzCore.framework; path = System/Library/Frameworks/QuartzCore.framework; sourceTree = SDKROOT; };
		83DFEC5D1ACA6B0400C9B756 /* Cocoa.framework */ = {isa = PBXFileReference; lastKnownFileType = wrapper.framework; name = Cocoa.framework; path = System/Library/Frameworks/Cocoa.framework; sourceTree = SDKROOT; };
		83DFEC5F1ACA6B1900C9B756 /* CoreMedia.framework */ = {isa = PBXFileReference; lastKnownFileType = wrapper.framework; name = CoreMedia.framework; path = System/Library/Frameworks/CoreMedia.framework; sourceTree = SDKROOT; };
/* End PBXFileReference section */

/* Begin PBXFrameworksBuildPhase section */
		830377131ACA6D5800B8C327 /* Frameworks */ = {
			isa = PBXFrameworksBuildPhase;
			buildActionMask = 2147483647;
			files = (
				76D0A88C1AD856D4004ACDC5 /* AVKit.framework in Frameworks */,
				76D0A88A1AD856B9004ACDC5 /* AVFoundation.framework in Frameworks */,
				76D0A8881AD85604004ACDC5 /* MapKit.framework in Frameworks */,
				830377711ACA811000B8C327 /* CoreGraphics.framework in Frameworks */,
				8303776C1ACA7BEB00B8C327 /* UIKit.framework in Frameworks */,
				830377691ACA7B9800B8C327 /* Foundation.framework in Frameworks */,
			);
			runOnlyForDeploymentPostprocessing = 0;
		};
		8303772E1ACA6D5800B8C327 /* Frameworks */ = {
			isa = PBXFrameworksBuildPhase;
			buildActionMask = 2147483647;
			files = (
			);
			runOnlyForDeploymentPostprocessing = 0;
		};
		83DFEC001ACA68CA00C9B756 /* Frameworks */ = {
			isa = PBXFrameworksBuildPhase;
			buildActionMask = 2147483647;
			files = (
				76C277771AD7255800087350 /* MapKit.framework in Frameworks */,
				8303774E1ACA799500B8C327 /* libpeertalk.a in Frameworks */,
			);
			runOnlyForDeploymentPostprocessing = 0;
		};
		83DFEC131ACA68CB00C9B756 /* Frameworks */ = {
			isa = PBXFrameworksBuildPhase;
			buildActionMask = 2147483647;
			files = (
			);
			runOnlyForDeploymentPostprocessing = 0;
		};
		83DFEC271ACA691600C9B756 /* Frameworks */ = {
			isa = PBXFrameworksBuildPhase;
			buildActionMask = 2147483647;
			files = (
				830377621ACA79D600B8C327 /* libpeertalk.a in Frameworks */,
				83DFEC5C1ACA6AFF00C9B756 /* QuartzCore.framework in Frameworks */,
				83DFEC601ACA6B1900C9B756 /* CoreMedia.framework in Frameworks */,
				83DFEC5E1ACA6B0400C9B756 /* Cocoa.framework in Frameworks */,
				83DFEC5A1ACA6AFA00C9B756 /* AVFoundation.framework in Frameworks */,
			);
			runOnlyForDeploymentPostprocessing = 0;
		};
		83DFEC3C1ACA691600C9B756 /* Frameworks */ = {
			isa = PBXFrameworksBuildPhase;
			buildActionMask = 2147483647;
			files = (
			);
			runOnlyForDeploymentPostprocessing = 0;
		};
/* End PBXFrameworksBuildPhase section */

/* Begin PBXGroup section */
		830377171ACA6D5800B8C327 /* IPG_ios_ui_usb */ = {
			isa = PBXGroup;
			children = (
				76300D451B1900CE005AB161 /* Base.lproj */,
				76300D461B1900CE005AB161 /* climate_settings_opt1_off.png */,
				76300D471B1900CE005AB161 /* climate_settings_opt2_off.png */,
				76300D481B1900CE005AB161 /* climate_settings_opt3_off.png */,
				76300D491B1900CE005AB161 /* config.h */,
				76300D4A1B1900CE005AB161 /* CvsCheckOutView.h */,
				76300D4B1B1900CE005AB161 /* CvsCheckOutView.m */,
				76300D4C1B1900CE005AB161 /* DialView.h */,
				76300D4D1B1900CE005AB161 /* DialView.m */,
				76300D4E1B1900CE005AB161 /* images */,
				76300D4F1B1900CE005AB161 /* Images.xcassets */,
				76300D501B1900CE005AB161 /* Music */,
				76300D511B1900CE005AB161 /* StateButton.h */,
				76300D521B1900CE005AB161 /* StateButton.m */,
				76300D531B1900CE005AB161 /* Tabs */,
				76300D541B1900CE005AB161 /* TopUI.h */,
				76300D551B1900CE005AB161 /* TopUI.m */,
				8303771C1ACA6D5800B8C327 /* AppDelegate.h */,
				8303771D1ACA6D5800B8C327 /* AppDelegate.m */,
				830377251ACA6D5800B8C327 /* Main.storyboard */,
				830377281ACA6D5800B8C327 /* Images.xcassets */,
				8303772A1ACA6D5800B8C327 /* LaunchScreen.xib */,
				830377181ACA6D5800B8C327 /* Supporting Files */,
				830377631ACA7B3900B8C327 /* IpadViewController.h */,
				830377641ACA7B3900B8C327 /* IpadViewController.m */,
			);
			path = IPG_ios_ui_usb;
			sourceTree = "<group>";
		};
		830377181ACA6D5800B8C327 /* Supporting Files */ = {
			isa = PBXGroup;
			children = (
				830377191ACA6D5800B8C327 /* Info.plist */,
				8303771A1ACA6D5800B8C327 /* main.m */,
				830377731ACA849F00B8C327 /* PrefixHeader.pch */,
			);
			name = "Supporting Files";
			sourceTree = "<group>";
		};
		830377341ACA6D5800B8C327 /* IPG_ios_ui_usbTests */ = {
			isa = PBXGroup;
			children = (
				830377371ACA6D5900B8C327 /* IPG_ios_ui_usbTests.m */,
				830377351ACA6D5800B8C327 /* Supporting Files */,
			);
			path = IPG_ios_ui_usbTests;
			sourceTree = "<group>";
		};
		830377351ACA6D5800B8C327 /* Supporting Files */ = {
			isa = PBXGroup;
			children = (
				830377361ACA6D5800B8C327 /* Info.plist */,
			);
			name = "Supporting Files";
			sourceTree = "<group>";
		};
		8303773F1ACA6D6300B8C327 /* etc */ = {
			isa = PBXGroup;
			children = (
				83DFEC051ACA68CA00C9B756 /* IPG_osx_ios */,
				83DFEC191ACA68CB00C9B756 /* IPG_osx_iosTests */,
				83DFEC421ACA691600C9B756 /* IPG_osx_video_usbTests */,
				830377341ACA6D5800B8C327 /* IPG_ios_ui_usbTests */,
			);
			name = etc;
			sourceTree = "<group>";
		};
		830377401ACA716B00B8C327 /* peertalk */ = {
			isa = PBXGroup;
			children = (
				8303774D1ACA799500B8C327 /* libpeertalk.a */,
				830377411ACA716B00B8C327 /* prefix.pch */,
				830377421ACA716B00B8C327 /* PTChannel.h */,
				830377431ACA716B00B8C327 /* PTChannel.m */,
				830377441ACA716B00B8C327 /* PTPrivate.h */,
				830377451ACA716B00B8C327 /* PTProtocol.h */,
				830377461ACA716B00B8C327 /* PTProtocol.m */,
				830377471ACA716B00B8C327 /* PTUSBHub.h */,
				830377481ACA716B00B8C327 /* PTUSBHub.m */,
				8303774C1ACA746D00B8C327 /* IPGProcotol.h */,
			);
			path = peertalk;
			sourceTree = "<group>";
		};
		8303774F1ACA79C100B8C327 /* peertalk */ = {
			isa = PBXGroup;
			children = (
				830377501ACA79C100B8C327 /* libpeertalk.a */,
				830377511ACA79C100B8C327 /* prefix.pch */,
				830377521ACA79C100B8C327 /* PTChannel.h */,
				830377531ACA79C100B8C327 /* PTChannel.m */,
				830377541ACA79C100B8C327 /* PTPrivate.h */,
				830377551ACA79C100B8C327 /* PTProtocol.h */,
				830377561ACA79C100B8C327 /* PTProtocol.m */,
				830377571ACA79C100B8C327 /* PTUSBHub.h */,
				830377581ACA79C100B8C327 /* PTUSBHub.m */,
			);
			path = peertalk;
			sourceTree = "<group>";
		};
		830377591ACA79CC00B8C327 /* xcuserdata */ = {
			isa = PBXGroup;
			children = (
				8303775A1ACA79CC00B8C327 /* genehan.xcuserdatad */,
			);
			name = xcuserdata;
			path = IPG_osx_ios.xcodeproj/xcuserdata;
			sourceTree = "<group>";
		};
		8303775A1ACA79CC00B8C327 /* genehan.xcuserdatad */ = {
			isa = PBXGroup;
			children = (
				8303775B1ACA79CC00B8C327 /* xcdebugger */,
				8303775D1ACA79CC00B8C327 /* xcschemes */,
			);
			path = genehan.xcuserdatad;
			sourceTree = "<group>";
		};
		8303775B1ACA79CC00B8C327 /* xcdebugger */ = {
			isa = PBXGroup;
			children = (
				8303775C1ACA79CC00B8C327 /* Breakpoints_v2.xcbkptlist */,
			);
			path = xcdebugger;
			sourceTree = "<group>";
		};
		8303775D1ACA79CC00B8C327 /* xcschemes */ = {
			isa = PBXGroup;
			children = (
				8303775E1ACA79CC00B8C327 /* IPG_ios_ui_usb.xcscheme */,
				8303775F1ACA79CC00B8C327 /* IPG_osx_ios.xcscheme */,
				830377601ACA79CC00B8C327 /* IPG_osx_video_usb.xcscheme */,
				830377611ACA79CC00B8C327 /* xcschememanagement.plist */,
			);
			path = xcschemes;
			sourceTree = "<group>";
		};
		83DFEBFA1ACA68CA00C9B756 = {
			isa = PBXGroup;
			children = (
				763048A61AD89A0F005E2428 /* taylorswift.jpg */,
				763048A41AD88D54005E2428 /* snow.png */,
				763048A01AD88A7A005E2428 /* ff.png */,
				763048A11AD88A7A005E2428 /* rwd.png */,
				7630489E1AD887E6005E2428 /* play.png */,
				76825CDE1AD8841D00781332 /* img */,
				830377401ACA716B00B8C327 /* peertalk */,
				83DFEC2B1ACA691600C9B756 /* IPG_osx_video_usb */,
				830377171ACA6D5800B8C327 /* IPG_ios_ui_usb */,
				83DFEC041ACA68CA00C9B756 /* Products */,
				83DFEC611ACA6B1F00C9B756 /* Frameworks */,
				8303773F1ACA6D6300B8C327 /* etc */,
			);
			sourceTree = "<group>";
		};
		83DFEC041ACA68CA00C9B756 /* Products */ = {
			isa = PBXGroup;
			children = (
				83DFEC031ACA68CA00C9B756 /* IPG_osx_ios.app */,
				83DFEC161ACA68CB00C9B756 /* IPG_osx_iosTests.xctest */,
				83DFEC2A1ACA691600C9B756 /* IPG_osx_video_usb.app */,
				83DFEC3F1ACA691600C9B756 /* IPG_osx_video_usbTests.xctest */,
				830377161ACA6D5800B8C327 /* IPG_ios_ui_usb.app */,
				830377311ACA6D5800B8C327 /* IPG_ios_ui_usbTests.xctest */,
			);
			name = Products;
			sourceTree = "<group>";
		};
		83DFEC051ACA68CA00C9B756 /* IPG_osx_ios */ = {
			isa = PBXGroup;
			children = (
				83DFEC081ACA68CA00C9B756 /* AppDelegate.h */,
				83DFEC091ACA68CA00C9B756 /* AppDelegate.m */,
				83DFEC0D1ACA68CA00C9B756 /* Images.xcassets */,
				83DFEC0F1ACA68CA00C9B756 /* MainMenu.xib */,
				83DFEC061ACA68CA00C9B756 /* Supporting Files */,
			);
			path = IPG_osx_ios;
			sourceTree = "<group>";
		};
		83DFEC061ACA68CA00C9B756 /* Supporting Files */ = {
			isa = PBXGroup;
			children = (
				83DFEC071ACA68CA00C9B756 /* Info.plist */,
				83DFEC0B1ACA68CA00C9B756 /* main.m */,
			);
			name = "Supporting Files";
			sourceTree = "<group>";
		};
		83DFEC191ACA68CB00C9B756 /* IPG_osx_iosTests */ = {
			isa = PBXGroup;
			children = (
				83DFEC1C1ACA68CB00C9B756 /* IPG_osx_iosTests.m */,
				83DFEC1A1ACA68CB00C9B756 /* Supporting Files */,
			);
			path = IPG_osx_iosTests;
			sourceTree = "<group>";
		};
		83DFEC1A1ACA68CB00C9B756 /* Supporting Files */ = {
			isa = PBXGroup;
			children = (
				83DFEC1B1ACA68CB00C9B756 /* Info.plist */,
			);
			name = "Supporting Files";
			sourceTree = "<group>";
		};
		83DFEC2B1ACA691600C9B756 /* IPG_osx_video_usb */ = {
			isa = PBXGroup;
			children = (
				83DFEC4D1ACA69C700C9B756 /* MacViewController.h */,
				83DFEC4E1ACA69C700C9B756 /* MacViewController.m */,
				83DFEC4F1ACA69C700C9B756 /* Resources */,
				83DFEC2E1ACA691600C9B756 /* AppDelegate.h */,
				83DFEC2F1ACA691600C9B756 /* AppDelegate.m */,
				83DFEC361ACA691600C9B756 /* Images.xcassets */,
				83DFEC381ACA691600C9B756 /* Main.storyboard */,
				83DFEC2C1ACA691600C9B756 /* Supporting Files */,
				83C8E2781ACC936700210E32 /* MacWindow.h */,
				83C8E2791ACC936700210E32 /* MacWindow.m */,
			);
			path = IPG_osx_video_usb;
			sourceTree = "<group>";
		};
		83DFEC2C1ACA691600C9B756 /* Supporting Files */ = {
			isa = PBXGroup;
			children = (
				83DFEC2D1ACA691600C9B756 /* Info.plist */,
				83DFEC311ACA691600C9B756 /* main.m */,
			);
			name = "Supporting Files";
			sourceTree = "<group>";
		};
		83DFEC421ACA691600C9B756 /* IPG_osx_video_usbTests */ = {
			isa = PBXGroup;
			children = (
				83DFEC451ACA691600C9B756 /* IPG_osx_video_usbTests.m */,
				83DFEC431ACA691600C9B756 /* Supporting Files */,
			);
			path = IPG_osx_video_usbTests;
			sourceTree = "<group>";
		};
		83DFEC431ACA691600C9B756 /* Supporting Files */ = {
			isa = PBXGroup;
			children = (
				83DFEC441ACA691600C9B756 /* Info.plist */,
			);
			name = "Supporting Files";
			sourceTree = "<group>";
		};
		83DFEC4F1ACA69C700C9B756 /* Resources */ = {
			isa = PBXGroup;
			children = (
			);
			path = Resources;
			sourceTree = "<group>";
		};
		83DFEC611ACA6B1F00C9B756 /* Frameworks */ = {
			isa = PBXGroup;
			children = (
				76D0A88B1AD856D4004ACDC5 /* AVKit.framework */,
				76D0A8891AD856B9004ACDC5 /* AVFoundation.framework */,
				76D0A8871AD85604004ACDC5 /* MapKit.framework */,
				76C277761AD7255800087350 /* MapKit.framework */,
				830377701ACA811000B8C327 /* CoreGraphics.framework */,
				8303776B1ACA7BEB00B8C327 /* UIKit.framework */,
				830377681ACA7B9800B8C327 /* Foundation.framework */,
				830377591ACA79CC00B8C327 /* xcuserdata */,
				8303774F1ACA79C100B8C327 /* peertalk */,
				83DFEC5F1ACA6B1900C9B756 /* CoreMedia.framework */,
				83DFEC5D1ACA6B0400C9B756 /* Cocoa.framework */,
				83DFEC5B1ACA6AFF00C9B756 /* QuartzCore.framework */,
				83DFEC591ACA6AFA00C9B756 /* AVFoundation.framework */,
			);
			name = Frameworks;
			sourceTree = "<group>";
		};
/* End PBXGroup section */

/* Begin PBXNativeTarget section */
		830377151ACA6D5800B8C327 /* IPG_ios_ui_usb */ = {
			isa = PBXNativeTarget;
			buildConfigurationList = 8303773D1ACA6D5900B8C327 /* Build configuration list for PBXNativeTarget "IPG_ios_ui_usb" */;
			buildPhases = (
				830377121ACA6D5800B8C327 /* Sources */,
				830377131ACA6D5800B8C327 /* Frameworks */,
				830377141ACA6D5800B8C327 /* Resources */,
			);
			buildRules = (
			);
			dependencies = (
			);
			name = IPG_ios_ui_usb;
			productName = IPG_ios_ui_usb;
			productReference = 830377161ACA6D5800B8C327 /* IPG_ios_ui_usb.app */;
			productType = "com.apple.product-type.application";
		};
		830377301ACA6D5800B8C327 /* IPG_ios_ui_usbTests */ = {
			isa = PBXNativeTarget;
			buildConfigurationList = 8303773E1ACA6D5900B8C327 /* Build configuration list for PBXNativeTarget "IPG_ios_ui_usbTests" */;
			buildPhases = (
				8303772D1ACA6D5800B8C327 /* Sources */,
				8303772E1ACA6D5800B8C327 /* Frameworks */,
				8303772F1ACA6D5800B8C327 /* Resources */,
			);
			buildRules = (
			);
			dependencies = (
				830377331ACA6D5800B8C327 /* PBXTargetDependency */,
			);
			name = IPG_ios_ui_usbTests;
			productName = IPG_ios_ui_usbTests;
			productReference = 830377311ACA6D5800B8C327 /* IPG_ios_ui_usbTests.xctest */;
			productType = "com.apple.product-type.bundle.unit-test";
		};
		83DFEC021ACA68CA00C9B756 /* IPG_osx_ios */ = {
			isa = PBXNativeTarget;
			buildConfigurationList = 83DFEC201ACA68CB00C9B756 /* Build configuration list for PBXNativeTarget "IPG_osx_ios" */;
			buildPhases = (
				83DFEBFF1ACA68CA00C9B756 /* Sources */,
				83DFEC001ACA68CA00C9B756 /* Frameworks */,
				83DFEC011ACA68CA00C9B756 /* Resources */,
			);
			buildRules = (
			);
			dependencies = (
			);
			name = IPG_osx_ios;
			productName = IPG_osx_ios;
			productReference = 83DFEC031ACA68CA00C9B756 /* IPG_osx_ios.app */;
			productType = "com.apple.product-type.application";
		};
		83DFEC151ACA68CB00C9B756 /* IPG_osx_iosTests */ = {
			isa = PBXNativeTarget;
			buildConfigurationList = 83DFEC231ACA68CB00C9B756 /* Build configuration list for PBXNativeTarget "IPG_osx_iosTests" */;
			buildPhases = (
				83DFEC121ACA68CB00C9B756 /* Sources */,
				83DFEC131ACA68CB00C9B756 /* Frameworks */,
				83DFEC141ACA68CB00C9B756 /* Resources */,
			);
			buildRules = (
			);
			dependencies = (
				83DFEC181ACA68CB00C9B756 /* PBXTargetDependency */,
			);
			name = IPG_osx_iosTests;
			productName = IPG_osx_iosTests;
			productReference = 83DFEC161ACA68CB00C9B756 /* IPG_osx_iosTests.xctest */;
			productType = "com.apple.product-type.bundle.unit-test";
		};
		83DFEC291ACA691600C9B756 /* IPG_osx_video_usb */ = {
			isa = PBXNativeTarget;
			buildConfigurationList = 83DFEC471ACA691600C9B756 /* Build configuration list for PBXNativeTarget "IPG_osx_video_usb" */;
			buildPhases = (
				83DFEC261ACA691600C9B756 /* Sources */,
				83DFEC271ACA691600C9B756 /* Frameworks */,
				83DFEC281ACA691600C9B756 /* Resources */,
			);
			buildRules = (
			);
			dependencies = (
			);
			name = IPG_osx_video_usb;
			productName = IPG_osx_video_usb;
			productReference = 83DFEC2A1ACA691600C9B756 /* IPG_osx_video_usb.app */;
			productType = "com.apple.product-type.application";
		};
		83DFEC3E1ACA691600C9B756 /* IPG_osx_video_usbTests */ = {
			isa = PBXNativeTarget;
			buildConfigurationList = 83DFEC4A1ACA691600C9B756 /* Build configuration list for PBXNativeTarget "IPG_osx_video_usbTests" */;
			buildPhases = (
				83DFEC3B1ACA691600C9B756 /* Sources */,
				83DFEC3C1ACA691600C9B756 /* Frameworks */,
				83DFEC3D1ACA691600C9B756 /* Resources */,
			);
			buildRules = (
			);
			dependencies = (
				83DFEC411ACA691600C9B756 /* PBXTargetDependency */,
			);
			name = IPG_osx_video_usbTests;
			productName = IPG_osx_video_usbTests;
			productReference = 83DFEC3F1ACA691600C9B756 /* IPG_osx_video_usbTests.xctest */;
			productType = "com.apple.product-type.bundle.unit-test";
		};
/* End PBXNativeTarget section */

/* Begin PBXProject section */
		83DFEBFB1ACA68CA00C9B756 /* Project object */ = {
			isa = PBXProject;
			attributes = {
				LastUpgradeCheck = 0630;
				ORGANIZATIONNAME = ipg;
				TargetAttributes = {
					830377151ACA6D5800B8C327 = {
						CreatedOnToolsVersion = 6.2;
						DevelopmentTeam = 64T9URLTS9;
					};
					830377301ACA6D5800B8C327 = {
						CreatedOnToolsVersion = 6.2;
					};
					83DFEC021ACA68CA00C9B756 = {
						CreatedOnToolsVersion = 6.2;
						DevelopmentTeam = 99Y6ZCF94S;
					};
					83DFEC151ACA68CB00C9B756 = {
						CreatedOnToolsVersion = 6.2;
						TestTargetID = 83DFEC021ACA68CA00C9B756;
					};
					83DFEC291ACA691600C9B756 = {
						CreatedOnToolsVersion = 6.2;
					};
					83DFEC3E1ACA691600C9B756 = {
						CreatedOnToolsVersion = 6.2;
						TestTargetID = 83DFEC291ACA691600C9B756;
					};
				};
			};
			buildConfigurationList = 83DFEBFE1ACA68CA00C9B756 /* Build configuration list for PBXProject "IPG_osx_ios" */;
			compatibilityVersion = "Xcode 3.2";
			developmentRegion = English;
			hasScannedForEncodings = 0;
			knownRegions = (
				en,
				Base,
			);
			mainGroup = 83DFEBFA1ACA68CA00C9B756;
			productRefGroup = 83DFEC041ACA68CA00C9B756 /* Products */;
			projectDirPath = "";
			projectRoot = "";
			targets = (
				83DFEC021ACA68CA00C9B756 /* IPG_osx_ios */,
				83DFEC151ACA68CB00C9B756 /* IPG_osx_iosTests */,
				83DFEC291ACA691600C9B756 /* IPG_osx_video_usb */,
				83DFEC3E1ACA691600C9B756 /* IPG_osx_video_usbTests */,
				830377151ACA6D5800B8C327 /* IPG_ios_ui_usb */,
				830377301ACA6D5800B8C327 /* IPG_ios_ui_usbTests */,
			);
		};
/* End PBXProject section */

/* Begin PBXResourcesBuildPhase section */
		830377141ACA6D5800B8C327 /* Resources */ = {
			isa = PBXResourcesBuildPhase;
			buildActionMask = 2147483647;
			files = (
				76300D5C1B1900CE005AB161 /* images in Resources */,
				763048A71AD89A0F005E2428 /* taylorswift.jpg in Resources */,
				76300D581B1900CE005AB161 /* climate_settings_opt2_off.png in Resources */,
				76300D561B1900CE005AB161 /* Base.lproj in Resources */,
				763048A51AD88D54005E2428 /* snow.png in Resources */,
				763048A21AD88A7A005E2428 /* ff.png in Resources */,
				76300D5E1B1900CE005AB161 /* Music in Resources */,
				76300D571B1900CE005AB161 /* climate_settings_opt1_off.png in Resources */,
				76300D591B1900CE005AB161 /* climate_settings_opt3_off.png in Resources */,
				763048A31AD88A7A005E2428 /* rwd.png in Resources */,
				76300D5D1B1900CE005AB161 /* Images.xcassets in Resources */,
				7630489F1AD887E6005E2428 /* play.png in Resources */,
				830377271ACA6D5800B8C327 /* Main.storyboard in Resources */,
				8303772C1ACA6D5800B8C327 /* LaunchScreen.xib in Resources */,
				76300D601B1900CE005AB161 /* Tabs in Resources */,
				830377291ACA6D5800B8C327 /* Images.xcassets in Resources */,
			);
			runOnlyForDeploymentPostprocessing = 0;
		};
		8303772F1ACA6D5800B8C327 /* Resources */ = {
			isa = PBXResourcesBuildPhase;
			buildActionMask = 2147483647;
			files = (
			);
			runOnlyForDeploymentPostprocessing = 0;
		};
		83DFEC011ACA68CA00C9B756 /* Resources */ = {
			isa = PBXResourcesBuildPhase;
			buildActionMask = 2147483647;
			files = (
				76825CDF1AD8841D00781332 /* img in Resources */,
				83DFEC0E1ACA68CA00C9B756 /* Images.xcassets in Resources */,
				83DFEC111ACA68CA00C9B756 /* MainMenu.xib in Resources */,
			);
			runOnlyForDeploymentPostprocessing = 0;
		};
		83DFEC141ACA68CB00C9B756 /* Resources */ = {
			isa = PBXResourcesBuildPhase;
			buildActionMask = 2147483647;
			files = (
			);
			runOnlyForDeploymentPostprocessing = 0;
		};
		83DFEC281ACA691600C9B756 /* Resources */ = {
			isa = PBXResourcesBuildPhase;
			buildActionMask = 2147483647;
			files = (
				83DFEC371ACA691600C9B756 /* Images.xcassets in Resources */,
				83DFEC3A1ACA691600C9B756 /* Main.storyboard in Resources */,
			);
			runOnlyForDeploymentPostprocessing = 0;
		};
		83DFEC3D1ACA691600C9B756 /* Resources */ = {
			isa = PBXResourcesBuildPhase;
			buildActionMask = 2147483647;
			files = (
			);
			runOnlyForDeploymentPostprocessing = 0;
		};
/* End PBXResourcesBuildPhase section */

/* Begin PBXSourcesBuildPhase section */
		830377121ACA6D5800B8C327 /* Sources */ = {
			isa = PBXSourcesBuildPhase;
			buildActionMask = 2147483647;
			files = (
				76300D5B1B1900CE005AB161 /* DialView.m in Sources */,
				830377721ACA834F00B8C327 /* PTProtocol.m in Sources */,
				8303771B1ACA6D5800B8C327 /* main.m in Sources */,
				76300D611B1900CE005AB161 /* TopUI.m in Sources */,
				830377661ACA7B3900B8C327 /* IpadViewController.m in Sources */,
				8303771E1ACA6D5800B8C327 /* AppDelegate.m in Sources */,
				76300D5F1B1900CE005AB161 /* StateButton.m in Sources */,
				8303776E1ACA809F00B8C327 /* PTChannel.m in Sources */,
				76300D5A1B1900CE005AB161 /* CvsCheckOutView.m in Sources */,
			);
			runOnlyForDeploymentPostprocessing = 0;
		};
		8303772D1ACA6D5800B8C327 /* Sources */ = {
			isa = PBXSourcesBuildPhase;
			buildActionMask = 2147483647;
			files = (
				830377381ACA6D5900B8C327 /* IPG_ios_ui_usbTests.m in Sources */,
			);
			runOnlyForDeploymentPostprocessing = 0;
		};
		83DFEBFF1ACA68CA00C9B756 /* Sources */ = {
			isa = PBXSourcesBuildPhase;
			buildActionMask = 2147483647;
			files = (
				83DFEC0C1ACA68CA00C9B756 /* main.m in Sources */,
				8303774A1ACA716B00B8C327 /* PTProtocol.m in Sources */,
				830377491ACA716B00B8C327 /* PTChannel.m in Sources */,
				8303774B1ACA716B00B8C327 /* PTUSBHub.m in Sources */,
				83DFEC0A1ACA68CA00C9B756 /* AppDelegate.m in Sources */,
			);
			runOnlyForDeploymentPostprocessing = 0;
		};
		83DFEC121ACA68CB00C9B756 /* Sources */ = {
			isa = PBXSourcesBuildPhase;
			buildActionMask = 2147483647;
			files = (
				83DFEC1D1ACA68CB00C9B756 /* IPG_osx_iosTests.m in Sources */,
			);
			runOnlyForDeploymentPostprocessing = 0;
		};
		83DFEC261ACA691600C9B756 /* Sources */ = {
			isa = PBXSourcesBuildPhase;
			buildActionMask = 2147483647;
			files = (
				83DFEC321ACA691600C9B756 /* main.m in Sources */,
				83DFEC541ACA69C700C9B756 /* MacViewController.m in Sources */,
				83DFEC301ACA691600C9B756 /* AppDelegate.m in Sources */,
				83C8E27A1ACC936700210E32 /* MacWindow.m in Sources */,
			);
			runOnlyForDeploymentPostprocessing = 0;
		};
		83DFEC3B1ACA691600C9B756 /* Sources */ = {
			isa = PBXSourcesBuildPhase;
			buildActionMask = 2147483647;
			files = (
				83DFEC461ACA691600C9B756 /* IPG_osx_video_usbTests.m in Sources */,
			);
			runOnlyForDeploymentPostprocessing = 0;
		};
/* End PBXSourcesBuildPhase section */

/* Begin PBXTargetDependency section */
		830377331ACA6D5800B8C327 /* PBXTargetDependency */ = {
			isa = PBXTargetDependency;
			target = 830377151ACA6D5800B8C327 /* IPG_ios_ui_usb */;
			targetProxy = 830377321ACA6D5800B8C327 /* PBXContainerItemProxy */;
		};
		83DFEC181ACA68CB00C9B756 /* PBXTargetDependency */ = {
			isa = PBXTargetDependency;
			target = 83DFEC021ACA68CA00C9B756 /* IPG_osx_ios */;
			targetProxy = 83DFEC171ACA68CB00C9B756 /* PBXContainerItemProxy */;
		};
		83DFEC411ACA691600C9B756 /* PBXTargetDependency */ = {
			isa = PBXTargetDependency;
			target = 83DFEC291ACA691600C9B756 /* IPG_osx_video_usb */;
			targetProxy = 83DFEC401ACA691600C9B756 /* PBXContainerItemProxy */;
		};
/* End PBXTargetDependency section */

/* Begin PBXVariantGroup section */
		830377251ACA6D5800B8C327 /* Main.storyboard */ = {
			isa = PBXVariantGroup;
			children = (
				830377261ACA6D5800B8C327 /* Base */,
			);
			name = Main.storyboard;
			sourceTree = "<group>";
		};
		8303772A1ACA6D5800B8C327 /* LaunchScreen.xib */ = {
			isa = PBXVariantGroup;
			children = (
				8303772B1ACA6D5800B8C327 /* Base */,
			);
			name = LaunchScreen.xib;
			sourceTree = "<group>";
		};
		83DFEC0F1ACA68CA00C9B756 /* MainMenu.xib */ = {
			isa = PBXVariantGroup;
			children = (
				83DFEC101ACA68CA00C9B756 /* Base */,
			);
			name = MainMenu.xib;
			sourceTree = "<group>";
		};
		83DFEC381ACA691600C9B756 /* Main.storyboard */ = {
			isa = PBXVariantGroup;
			children = (
				83DFEC391ACA691600C9B756 /* Base */,
			);
			name = Main.storyboard;
			sourceTree = "<group>";
		};
/* End PBXVariantGroup section */

/* Begin XCBuildConfiguration section */
		830377391ACA6D5900B8C327 /* Debug */ = {
			isa = XCBuildConfiguration;
			buildSettings = {
				ASSETCATALOG_COMPILER_APPICON_NAME = AppIcon;
				CODE_SIGN_IDENTITY = "iPhone Developer";
				"CODE_SIGN_IDENTITY[sdk=iphoneos*]" = "iPhone Developer";
				GCC_PRECOMPILE_PREFIX_HEADER = YES;
				GCC_PREFIX_HEADER = IPG_ios_ui_usb/PrefixHeader.pch;
				GCC_PREPROCESSOR_DEFINITIONS = (
					"DEBUG=1",
					"$(inherited)",
				);
				INFOPLIST_FILE = IPG_ios_ui_usb/Info.plist;
				IPHONEOS_DEPLOYMENT_TARGET = 8.0;
				LD_RUNPATH_SEARCH_PATHS = "$(inherited) @executable_path/Frameworks";
				LIBRARY_SEARCH_PATHS = (
					"$(inherited)",
					"$(PROJECT_DIR)/peertalk",
				);
				PRODUCT_NAME = "$(TARGET_NAME)";
				PROVISIONING_PROFILE = "";
				SDKROOT = iphoneos;
				TARGETED_DEVICE_FAMILY = 2;
			};
			name = Debug;
		};
		8303773A1ACA6D5900B8C327 /* Release */ = {
			isa = XCBuildConfiguration;
			buildSettings = {
				ASSETCATALOG_COMPILER_APPICON_NAME = AppIcon;
				CODE_SIGN_IDENTITY = "iPhone Developer";
				"CODE_SIGN_IDENTITY[sdk=iphoneos*]" = "iPhone Developer";
				GCC_PRECOMPILE_PREFIX_HEADER = YES;
				GCC_PREFIX_HEADER = IPG_ios_ui_usb/PrefixHeader.pch;
				INFOPLIST_FILE = IPG_ios_ui_usb/Info.plist;
				IPHONEOS_DEPLOYMENT_TARGET = 8.0;
				LD_RUNPATH_SEARCH_PATHS = "$(inherited) @executable_path/Frameworks";
				LIBRARY_SEARCH_PATHS = (
					"$(inherited)",
					"$(PROJECT_DIR)/peertalk",
				);
				PRODUCT_NAME = "$(TARGET_NAME)";
				PROVISIONING_PROFILE = "";
				SDKROOT = iphoneos;
				TARGETED_DEVICE_FAMILY = 2;
				VALIDATE_PRODUCT = NO;
			};
			name = Release;
		};
		8303773B1ACA6D5900B8C327 /* Debug */ = {
			isa = XCBuildConfiguration;
			buildSettings = {
				FRAMEWORK_SEARCH_PATHS = (
					"$(SDKROOT)/Developer/Library/Frameworks",
					"$(inherited)",
				);
				GCC_PREPROCESSOR_DEFINITIONS = (
					"DEBUG=1",
					"$(inherited)",
				);
				INFOPLIST_FILE = IPG_ios_ui_usbTests/Info.plist;
				IPHONEOS_DEPLOYMENT_TARGET = 8.2;
				LD_RUNPATH_SEARCH_PATHS = "$(inherited) @executable_path/Frameworks @loader_path/Frameworks";
				PRODUCT_NAME = "$(TARGET_NAME)";
				SDKROOT = iphoneos;
			};
			name = Debug;
		};
		8303773C1ACA6D5900B8C327 /* Release */ = {
			isa = XCBuildConfiguration;
			buildSettings = {
				FRAMEWORK_SEARCH_PATHS = (
					"$(SDKROOT)/Developer/Library/Frameworks",
					"$(inherited)",
				);
				INFOPLIST_FILE = IPG_ios_ui_usbTests/Info.plist;
				IPHONEOS_DEPLOYMENT_TARGET = 8.2;
				LD_RUNPATH_SEARCH_PATHS = "$(inherited) @executable_path/Frameworks @loader_path/Frameworks";
				PRODUCT_NAME = "$(TARGET_NAME)";
				SDKROOT = iphoneos;
				VALIDATE_PRODUCT = YES;
			};
			name = Release;
		};
		83DFEC1E1ACA68CB00C9B756 /* Debug */ = {
			isa = XCBuildConfiguration;
			buildSettings = {
				ALWAYS_SEARCH_USER_PATHS = NO;
				CLANG_CXX_LANGUAGE_STANDARD = "gnu++0x";
				CLANG_CXX_LIBRARY = "libc++";
				CLANG_ENABLE_MODULES = YES;
				CLANG_ENABLE_OBJC_ARC = YES;
				CLANG_WARN_BOOL_CONVERSION = YES;
				CLANG_WARN_CONSTANT_CONVERSION = YES;
				CLANG_WARN_DIRECT_OBJC_ISA_USAGE = YES_ERROR;
				CLANG_WARN_EMPTY_BODY = YES;
				CLANG_WARN_ENUM_CONVERSION = YES;
				CLANG_WARN_INT_CONVERSION = YES;
				CLANG_WARN_OBJC_ROOT_CLASS = YES_ERROR;
				CLANG_WARN_UNREACHABLE_CODE = YES;
				CLANG_WARN__DUPLICATE_METHOD_MATCH = YES;
				CODE_SIGN_IDENTITY = "-";
				COPY_PHASE_STRIP = NO;
				ENABLE_STRICT_OBJC_MSGSEND = YES;
				GCC_C_LANGUAGE_STANDARD = gnu99;
				GCC_DYNAMIC_NO_PIC = NO;
				GCC_OPTIMIZATION_LEVEL = 0;
				GCC_PREPROCESSOR_DEFINITIONS = (
					"DEBUG=1",
					"$(inherited)",
				);
				GCC_SYMBOLS_PRIVATE_EXTERN = NO;
				GCC_WARN_64_TO_32_BIT_CONVERSION = YES;
				GCC_WARN_ABOUT_RETURN_TYPE = YES_ERROR;
				GCC_WARN_UNDECLARED_SELECTOR = YES;
				GCC_WARN_UNINITIALIZED_AUTOS = YES_AGGRESSIVE;
				GCC_WARN_UNUSED_FUNCTION = YES;
				GCC_WARN_UNUSED_VARIABLE = YES;
				MACOSX_DEPLOYMENT_TARGET = 10.10;
				MTL_ENABLE_DEBUG_INFO = YES;
				ONLY_ACTIVE_ARCH = YES;
				SDKROOT = macosx;
			};
			name = Debug;
		};
		83DFEC1F1ACA68CB00C9B756 /* Release */ = {
			isa = XCBuildConfiguration;
			buildSettings = {
				ALWAYS_SEARCH_USER_PATHS = NO;
				CLANG_CXX_LANGUAGE_STANDARD = "gnu++0x";
				CLANG_CXX_LIBRARY = "libc++";
				CLANG_ENABLE_MODULES = YES;
				CLANG_ENABLE_OBJC_ARC = YES;
				CLANG_WARN_BOOL_CONVERSION = YES;
				CLANG_WARN_CONSTANT_CONVERSION = YES;
				CLANG_WARN_DIRECT_OBJC_ISA_USAGE = YES_ERROR;
				CLANG_WARN_EMPTY_BODY = YES;
				CLANG_WARN_ENUM_CONVERSION = YES;
				CLANG_WARN_INT_CONVERSION = YES;
				CLANG_WARN_OBJC_ROOT_CLASS = YES_ERROR;
				CLANG_WARN_UNREACHABLE_CODE = YES;
				CLANG_WARN__DUPLICATE_METHOD_MATCH = YES;
				CODE_SIGN_IDENTITY = "-";
				COPY_PHASE_STRIP = NO;
				DEBUG_INFORMATION_FORMAT = "dwarf-with-dsym";
				ENABLE_NS_ASSERTIONS = NO;
				ENABLE_STRICT_OBJC_MSGSEND = YES;
				GCC_C_LANGUAGE_STANDARD = gnu99;
				GCC_WARN_64_TO_32_BIT_CONVERSION = YES;
				GCC_WARN_ABOUT_RETURN_TYPE = YES_ERROR;
				GCC_WARN_UNDECLARED_SELECTOR = YES;
				GCC_WARN_UNINITIALIZED_AUTOS = YES_AGGRESSIVE;
				GCC_WARN_UNUSED_FUNCTION = YES;
				GCC_WARN_UNUSED_VARIABLE = YES;
				MACOSX_DEPLOYMENT_TARGET = 10.10;
				MTL_ENABLE_DEBUG_INFO = NO;
				SDKROOT = macosx;
			};
			name = Release;
		};
		83DFEC211ACA68CB00C9B756 /* Debug */ = {
			isa = XCBuildConfiguration;
			buildSettings = {
				ASSETCATALOG_COMPILER_APPICON_NAME = AppIcon;
				COMBINE_HIDPI_IMAGES = YES;
				FRAMEWORK_SEARCH_PATHS = (
					"$(inherited)",
					/Users/ipglab/Downloads,
				);
				INFOPLIST_FILE = IPG_osx_ios/Info.plist;
				LD_RUNPATH_SEARCH_PATHS = "$(inherited) @executable_path/../Frameworks";
				LIBRARY_SEARCH_PATHS = (
					"$(inherited)",
					"$(PROJECT_DIR)/peertalk",
				);
				PRODUCT_NAME = "$(TARGET_NAME)";
			};
			name = Debug;
		};
		83DFEC221ACA68CB00C9B756 /* Release */ = {
			isa = XCBuildConfiguration;
			buildSettings = {
				ASSETCATALOG_COMPILER_APPICON_NAME = AppIcon;
				COMBINE_HIDPI_IMAGES = YES;
				FRAMEWORK_SEARCH_PATHS = (
					"$(inherited)",
					/Users/ipglab/Downloads,
				);
				INFOPLIST_FILE = IPG_osx_ios/Info.plist;
				LD_RUNPATH_SEARCH_PATHS = "$(inherited) @executable_path/../Frameworks";
				LIBRARY_SEARCH_PATHS = (
					"$(inherited)",
					"$(PROJECT_DIR)/peertalk",
				);
				PRODUCT_NAME = "$(TARGET_NAME)";
			};
			name = Release;
		};
		83DFEC241ACA68CB00C9B756 /* Debug */ = {
			isa = XCBuildConfiguration;
			buildSettings = {
				BUNDLE_LOADER = "$(TEST_HOST)";
				COMBINE_HIDPI_IMAGES = YES;
				FRAMEWORK_SEARCH_PATHS = (
					"$(DEVELOPER_FRAMEWORKS_DIR)",
					"$(inherited)",
				);
				GCC_PREPROCESSOR_DEFINITIONS = (
					"DEBUG=1",
					"$(inherited)",
				);
				INFOPLIST_FILE = IPG_osx_iosTests/Info.plist;
				LD_RUNPATH_SEARCH_PATHS = "$(inherited) @executable_path/../Frameworks @loader_path/../Frameworks";
				PRODUCT_NAME = "$(TARGET_NAME)";
				TEST_HOST = "$(BUILT_PRODUCTS_DIR)/IPG_osx_ios.app/Contents/MacOS/IPG_osx_ios";
			};
			name = Debug;
		};
		83DFEC251ACA68CB00C9B756 /* Release */ = {
			isa = XCBuildConfiguration;
			buildSettings = {
				BUNDLE_LOADER = "$(TEST_HOST)";
				COMBINE_HIDPI_IMAGES = YES;
				FRAMEWORK_SEARCH_PATHS = (
					"$(DEVELOPER_FRAMEWORKS_DIR)",
					"$(inherited)",
				);
				INFOPLIST_FILE = IPG_osx_iosTests/Info.plist;
				LD_RUNPATH_SEARCH_PATHS = "$(inherited) @executable_path/../Frameworks @loader_path/../Frameworks";
				PRODUCT_NAME = "$(TARGET_NAME)";
				TEST_HOST = "$(BUILT_PRODUCTS_DIR)/IPG_osx_ios.app/Contents/MacOS/IPG_osx_ios";
			};
			name = Release;
		};
		83DFEC481ACA691600C9B756 /* Debug */ = {
			isa = XCBuildConfiguration;
			buildSettings = {
				ASSETCATALOG_COMPILER_APPICON_NAME = AppIcon;
				COMBINE_HIDPI_IMAGES = YES;
				GCC_PREPROCESSOR_DEFINITIONS = (
					"DEBUG=1",
					"$(inherited)",
				);
				INFOPLIST_FILE = IPG_osx_video_usb/Info.plist;
				LD_RUNPATH_SEARCH_PATHS = "$(inherited) @executable_path/../Frameworks";
				LIBRARY_SEARCH_PATHS = (
					"$(inherited)",
					"$(PROJECT_DIR)/peertalk",
				);
				PRODUCT_NAME = "$(TARGET_NAME)";
			};
			name = Debug;
		};
		83DFEC491ACA691600C9B756 /* Release */ = {
			isa = XCBuildConfiguration;
			buildSettings = {
				ASSETCATALOG_COMPILER_APPICON_NAME = AppIcon;
				COMBINE_HIDPI_IMAGES = YES;
				INFOPLIST_FILE = IPG_osx_video_usb/Info.plist;
				LD_RUNPATH_SEARCH_PATHS = "$(inherited) @executable_path/../Frameworks";
				LIBRARY_SEARCH_PATHS = (
					"$(inherited)",
					"$(PROJECT_DIR)/peertalk",
				);
				PRODUCT_NAME = "$(TARGET_NAME)";
			};
			name = Release;
		};
		83DFEC4B1ACA691600C9B756 /* Debug */ = {
			isa = XCBuildConfiguration;
			buildSettings = {
				BUNDLE_LOADER = "$(TEST_HOST)";
				COMBINE_HIDPI_IMAGES = YES;
				FRAMEWORK_SEARCH_PATHS = (
					"$(DEVELOPER_FRAMEWORKS_DIR)",
					"$(inherited)",
				);
				GCC_PREPROCESSOR_DEFINITIONS = (
					"DEBUG=1",
					"$(inherited)",
				);
				INFOPLIST_FILE = IPG_osx_video_usbTests/Info.plist;
				LD_RUNPATH_SEARCH_PATHS = "$(inherited) @executable_path/../Frameworks @loader_path/../Frameworks";
				PRODUCT_NAME = "$(TARGET_NAME)";
				TEST_HOST = "$(BUILT_PRODUCTS_DIR)/IPG_osx_video_usb.app/Contents/MacOS/IPG_osx_video_usb";
			};
			name = Debug;
		};
		83DFEC4C1ACA691600C9B756 /* Release */ = {
			isa = XCBuildConfiguration;
			buildSettings = {
				BUNDLE_LOADER = "$(TEST_HOST)";
				COMBINE_HIDPI_IMAGES = YES;
				FRAMEWORK_SEARCH_PATHS = (
					"$(DEVELOPER_FRAMEWORKS_DIR)",
					"$(inherited)",
				);
				INFOPLIST_FILE = IPG_osx_video_usbTests/Info.plist;
				LD_RUNPATH_SEARCH_PATHS = "$(inherited) @executable_path/../Frameworks @loader_path/../Frameworks";
				PRODUCT_NAME = "$(TARGET_NAME)";
				TEST_HOST = "$(BUILT_PRODUCTS_DIR)/IPG_osx_video_usb.app/Contents/MacOS/IPG_osx_video_usb";
			};
			name = Release;
		};
/* End XCBuildConfiguration section */

/* Begin XCConfigurationList section */
		8303773D1ACA6D5900B8C327 /* Build configuration list for PBXNativeTarget "IPG_ios_ui_usb" */ = {
			isa = XCConfigurationList;
			buildConfigurations = (
				830377391ACA6D5900B8C327 /* Debug */,
				8303773A1ACA6D5900B8C327 /* Release */,
			);
			defaultConfigurationIsVisible = 0;
			defaultConfigurationName = Release;
		};
		8303773E1ACA6D5900B8C327 /* Build configuration list for PBXNativeTarget "IPG_ios_ui_usbTests" */ = {
			isa = XCConfigurationList;
			buildConfigurations = (
				8303773B1ACA6D5900B8C327 /* Debug */,
				8303773C1ACA6D5900B8C327 /* Release */,
			);
			defaultConfigurationIsVisible = 0;
			defaultConfigurationName = Release;
		};
		83DFEBFE1ACA68CA00C9B756 /* Build configuration list for PBXProject "IPG_osx_ios" */ = {
			isa = XCConfigurationList;
			buildConfigurations = (
				83DFEC1E1ACA68CB00C9B756 /* Debug */,
				83DFEC1F1ACA68CB00C9B756 /* Release */,
			);
			defaultConfigurationIsVisible = 0;
			defaultConfigurationName = Release;
		};
		83DFEC201ACA68CB00C9B756 /* Build configuration list for PBXNativeTarget "IPG_osx_ios" */ = {
			isa = XCConfigurationList;
			buildConfigurations = (
				83DFEC211ACA68CB00C9B756 /* Debug */,
				83DFEC221ACA68CB00C9B756 /* Release */,
			);
			defaultConfigurationIsVisible = 0;
			defaultConfigurationName = Release;
		};
		83DFEC231ACA68CB00C9B756 /* Build configuration list for PBXNativeTarget "IPG_osx_iosTests" */ = {
			isa = XCConfigurationList;
			buildConfigurations = (
				83DFEC241ACA68CB00C9B756 /* Debug */,
				83DFEC251ACA68CB00C9B756 /* Release */,
			);
			defaultConfigurationIsVisible = 0;
			defaultConfigurationName = Release;
		};
		83DFEC471ACA691600C9B756 /* Build configuration list for PBXNativeTarget "IPG_osx_video_usb" */ = {
			isa = XCConfigurationList;
			buildConfigurations = (
				83DFEC481ACA691600C9B756 /* Debug */,
				83DFEC491ACA691600C9B756 /* Release */,
			);
			defaultConfigurationIsVisible = 0;
			defaultConfigurationName = Release;
		};
		83DFEC4A1ACA691600C9B756 /* Build configuration list for PBXNativeTarget "IPG_osx_video_usbTests" */ = {
			isa = XCConfigurationList;
			buildConfigurations = (
				83DFEC4B1ACA691600C9B756 /* Debug */,
				83DFEC4C1ACA691600C9B756 /* Release */,
			);
			defaultConfigurationIsVisible = 0;
			defaultConfigurationName = Release;
		};
/* End XCConfigurationList section */
	};
	rootObject = 83DFEBFB1ACA68CA00C9B756 /* Project object */;
}
